
Microsoft Visual Studio Solution File, Format Version 12.00
# Visual Studio 15
VisualStudioVersion = 15.0.27004.2010
MinimumVisualStudioVersion = 10.0.40219.1
Project("{2150E333-8FDC-42A3-9474-1A3956D46DE8}") = "Engine", "Engine", "{6AC25DA1-8942-40FB-8163-B06C13EEB56A}"
EndProject
Project("{2150E333-8FDC-42A3-9474-1A3956D46DE8}") = "Games", "Games", "{CE3041B1-E3FB-4E15-AB7B-F5BFA3AC04E4}"
EndProject
Project("{8BC9CEB8-8B4A-11D0-8D11-00A0C91BC942}") = "UE4", "Intermediate\ProjectFiles\UE4.vcxproj", "{8A74732F-D9EA-4D07-A272-FC3586D51E59}"
EndProject
Project("{8BC9CEB8-8B4A-11D0-8D11-00A0C91BC942}") = "EscapeRoom", "Intermediate\ProjectFiles\EscapeRoom.vcxproj", "{B5E968E4-D466-4293-8815-C40601360007}"
EndProject
Global
	GlobalSection(SolutionConfigurationPlatforms) = preSolution
		DebugGame Editor|HTML5 = DebugGame Editor|HTML5
		DebugGame Editor|Win32 = DebugGame Editor|Win32
		DebugGame Editor|Win64 = DebugGame Editor|Win64
		DebugGame|HTML5 = DebugGame|HTML5
		DebugGame|Win32 = DebugGame|Win32
		DebugGame|Win64 = DebugGame|Win64
		Development Editor|HTML5 = Development Editor|HTML5
		Development Editor|Win32 = Development Editor|Win32
		Development Editor|Win64 = Development Editor|Win64
		Development|HTML5 = Development|HTML5
		Development|Win32 = Development|Win32
		Development|Win64 = Development|Win64
		Shipping|HTML5 = Shipping|HTML5
		Shipping|Win32 = Shipping|Win32
		Shipping|Win64 = Shipping|Win64
	EndGlobalSection
	GlobalSection(ProjectConfigurationPlatforms) = postSolution
		{8A74732F-D9EA-4D07-A272-FC3586D51E59}.DebugGame Editor|HTML5.ActiveCfg = BuiltWithUnrealBuildTool|Win32
		{8A74732F-D9EA-4D07-A272-FC3586D51E59}.DebugGame Editor|HTML5.Build.0 = BuiltWithUnrealBuildTool|Win32
		{8A74732F-D9EA-4D07-A272-FC3586D51E59}.DebugGame Editor|Win32.ActiveCfg = BuiltWithUnrealBuildTool|Win32
		{8A74732F-D9EA-4D07-A272-FC3586D51E59}.DebugGame Editor|Win32.Build.0 = BuiltWithUnrealBuildTool|Win32
		{8A74732F-D9EA-4D07-A272-FC3586D51E59}.DebugGame Editor|Win64.ActiveCfg = BuiltWithUnrealBuildTool|Win32
		{8A74732F-D9EA-4D07-A272-FC3586D51E59}.DebugGame Editor|Win64.Build.0 = BuiltWithUnrealBuildTool|Win32
		{8A74732F-D9EA-4D07-A272-FC3586D51E59}.DebugGame|HTML5.ActiveCfg = BuiltWithUnrealBuildTool|Win32
		{8A74732F-D9EA-4D07-A272-FC3586D51E59}.DebugGame|HTML5.Build.0 = BuiltWithUnrealBuildTool|Win32
		{8A74732F-D9EA-4D07-A272-FC3586D51E59}.DebugGame|Win32.ActiveCfg = BuiltWithUnrealBuildTool|Win32
		{8A74732F-D9EA-4D07-A272-FC3586D51E59}.DebugGame|Win32.Build.0 = BuiltWithUnrealBuildTool|Win32
		{8A74732F-D9EA-4D07-A272-FC3586D51E59}.DebugGame|Win64.ActiveCfg = BuiltWithUnrealBuildTool|Win32
		{8A74732F-D9EA-4D07-A272-FC3586D51E59}.DebugGame|Win64.Build.0 = BuiltWithUnrealBuildTool|Win32
		{8A74732F-D9EA-4D07-A272-FC3586D51E59}.Development Editor|HTML5.ActiveCfg = BuiltWithUnrealBuildTool|Win32
		{8A74732F-D9EA-4D07-A272-FC3586D51E59}.Development Editor|HTML5.Build.0 = BuiltWithUnrealBuildTool|Win32
		{8A74732F-D9EA-4D07-A272-FC3586D51E59}.Development Editor|Win32.ActiveCfg = BuiltWithUnrealBuildTool|Win32
		{8A74732F-D9EA-4D07-A272-FC3586D51E59}.Development Editor|Win32.Build.0 = BuiltWithUnrealBuildTool|Win32
		{8A74732F-D9EA-4D07-A272-FC3586D51E59}.Development Editor|Win64.ActiveCfg = BuiltWithUnrealBuildTool|Win32
		{8A74732F-D9EA-4D07-A272-FC3586D51E59}.Development Editor|Win64.Build.0 = BuiltWithUnrealBuildTool|Win32
		{8A74732F-D9EA-4D07-A272-FC3586D51E59}.Development|HTML5.ActiveCfg = BuiltWithUnrealBuildTool|Win32
		{8A74732F-D9EA-4D07-A272-FC3586D51E59}.Development|HTML5.Build.0 = BuiltWithUnrealBuildTool|Win32
		{8A74732F-D9EA-4D07-A272-FC3586D51E59}.Development|Win32.ActiveCfg = BuiltWithUnrealBuildTool|Win32
		{8A74732F-D9EA-4D07-A272-FC3586D51E59}.Development|Win32.Build.0 = BuiltWithUnrealBuildTool|Win32
		{8A74732F-D9EA-4D07-A272-FC3586D51E59}.Development|Win64.ActiveCfg = BuiltWithUnrealBuildTool|Win32
		{8A74732F-D9EA-4D07-A272-FC3586D51E59}.Development|Win64.Build.0 = BuiltWithUnrealBuildTool|Win32
		{8A74732F-D9EA-4D07-A272-FC3586D51E59}.Shipping|HTML5.ActiveCfg = BuiltWithUnrealBuildTool|Win32
		{8A74732F-D9EA-4D07-A272-FC3586D51E59}.Shipping|HTML5.Build.0 = BuiltWithUnrealBuildTool|Win32
		{8A74732F-D9EA-4D07-A272-FC3586D51E59}.Shipping|Win32.ActiveCfg = BuiltWithUnrealBuildTool|Win32
		{8A74732F-D9EA-4D07-A272-FC3586D51E59}.Shipping|Win32.Build.0 = BuiltWithUnrealBuildTool|Win32
		{8A74732F-D9EA-4D07-A272-FC3586D51E59}.Shipping|Win64.ActiveCfg = BuiltWithUnrealBuildTool|Win32
		{8A74732F-D9EA-4D07-A272-FC3586D51E59}.Shipping|Win64.Build.0 = BuiltWithUnrealBuildTool|Win32
		{B5E968E4-D466-4293-8815-C40601360007}.DebugGame Editor|HTML5.ActiveCfg = HTML5_DebugGame_Editor|Win32
		{B5E968E4-D466-4293-8815-C40601360007}.DebugGame Editor|Win32.ActiveCfg = DebugGame_Editor|Win32
		{B5E968E4-D466-4293-8815-C40601360007}.DebugGame Editor|Win64.ActiveCfg = DebugGame_Editor|x64
		{B5E968E4-D466-4293-8815-C40601360007}.DebugGame Editor|Win64.Build.0 = DebugGame_Editor|x64
		{B5E968E4-D466-4293-8815-C40601360007}.DebugGame|HTML5.ActiveCfg = HTML5_DebugGame_Game|Win32
		{B5E968E4-D466-4293-8815-C40601360007}.DebugGame|HTML5.Build.0 = HTML5_DebugGame_Game|Win32
		{B5E968E4-D466-4293-8815-C40601360007}.DebugGame|Win32.ActiveCfg = DebugGame_Game|Win32
		{B5E968E4-D466-4293-8815-C40601360007}.DebugGame|Win32.Build.0 = DebugGame_Game|Win32
		{B5E968E4-D466-4293-8815-C40601360007}.DebugGame|Win64.ActiveCfg = DebugGame_Game|x64
		{B5E968E4-D466-4293-8815-C40601360007}.DebugGame|Win64.Build.0 = DebugGame_Game|x64
		{B5E968E4-D466-4293-8815-C40601360007}.Development Editor|HTML5.ActiveCfg = HTML5_Development_Editor|Win32
		{B5E968E4-D466-4293-8815-C40601360007}.Development Editor|Win32.ActiveCfg = Development_Editor|Win32
		{B5E968E4-D466-4293-8815-C40601360007}.Development Editor|Win64.ActiveCfg = Development_Editor|x64
		{B5E968E4-D466-4293-8815-C40601360007}.Development Editor|Win64.Build.0 = Development_Editor|x64
		{B5E968E4-D466-4293-8815-C40601360007}.Development|HTML5.ActiveCfg = HTML5_Development_Game|Win32
		{B5E968E4-D466-4293-8815-C40601360007}.Development|HTML5.Build.0 = HTML5_Development_Game|Win32
		{B5E968E4-D466-4293-8815-C40601360007}.Development|Win32.ActiveCfg = Development_Game|Win32
		{B5E968E4-D466-4293-8815-C40601360007}.Development|Win32.Build.0 = Development_Game|Win32
		{B5E968E4-D466-4293-8815-C40601360007}.Development|Win64.ActiveCfg = Development_Game|x64
		{B5E968E4-D466-4293-8815-C40601360007}.Development|Win64.Build.0 = Development_Game|x64
		{B5E968E4-D466-4293-8815-C40601360007}.Shipping|HTML5.ActiveCfg = HTML5_Shipping_Game|Win32
		{B5E968E4-D466-4293-8815-C40601360007}.Shipping|HTML5.Build.0 = HTML5_Shipping_Game|Win32
		{B5E968E4-D466-4293-8815-C40601360007}.Shipping|Win32.ActiveCfg = Shipping_Game|Win32
		{B5E968E4-D466-4293-8815-C40601360007}.Shipping|Win32.Build.0 = Shipping_Game|Win32
		{B5E968E4-D466-4293-8815-C40601360007}.Shipping|Win64.ActiveCfg = Shipping_Game|x64
		{B5E968E4-D466-4293-8815-C40601360007}.Shipping|Win64.Build.0 = Shipping_Game|x64
	EndGlobalSection
	GlobalSection(SolutionProperties) = preSolution
		HideSolutionNode = FALSE
	EndGlobalSection
	GlobalSection(NestedProjects) = preSolution
		{8A74732F-D9EA-4D07-A272-FC3586D51E59} = {6AC25DA1-8942-40FB-8163-B06C13EEB56A}
		{B5E968E4-D466-4293-8815-C40601360007} = {CE3041B1-E3FB-4E15-AB7B-F5BFA3AC04E4}
	EndGlobalSection
	GlobalSection(ExtensibilityGlobals) = postSolution
		SolutionGuid = {D1C684FE-8562-4CFD-984D-6218C53BC990}
	EndGlobalSection
EndGlobal
